
Microsoft Visual Studio Solution File, Format Version 12.00
# Visual Studio Version 17
VisualStudioVersion = 17.2.32526.322
MinimumVisualStudioVersion = 10.0.40219.1
Project("{FAE04EC0-301F-11D3-BF4B-00C04F79EFBC}") = "Reader", "Reader\Reader.csproj", "{76CA1E1A-5C78-4F64-931B-CE2E2029AE71}"
EndProject
Global
	GlobalSection(SolutionConfigurationPlatforms) = preSolution
		Debug|Any CPU = Debug|Any CPU
		Release|Any CPU = Release|Any CPU
	EndGlobalSection
	GlobalSection(ProjectConfigurationPlatforms) = postSolution
		{76CA1E1A-5C78-4F64-931B-CE2E2029AE71}.Debug|Any CPU.ActiveCfg = Debug|Any CPU
		{76CA1E1A-5C78-4F64-931B-CE2E2029AE71}.Debug|Any CPU.Build.0 = Debug|Any CPU
		{76CA1E1A-5C78-4F64-931B-CE2E2029AE71}.Release|Any CPU.ActiveCfg = Release|Any CPU
		{76CA1E1A-5C78-4F64-931B-CE2E2029AE71}.Release|Any CPU.Build.0 = Release|Any CPU
	EndGlobalSection
	GlobalSection(SolutionProperties) = preSolution
		HideSolutionNode = FALSE
	EndGlobalSection
	GlobalSection(ExtensibilityGlobals) = postSolution
		SolutionGuid = {0E8C6797-7926-47F9-AE53-0D80A39DC402}
	EndGlobalSection
EndGlobal
